// !$*UTF8*$!
{
	archiveVersion = 1;
	classes = {
	};
	objectVersion = 46;
	objects = {

/* Begin PBXBuildFile section */
		8BAD007718EADFDA008C9E57 /* SKSpriteNode+debug.m in Sources */ = {isa = PBXBuildFile; fileRef = 8BAD007618EADFDA008C9E57 /* SKSpriteNode+debug.m */; };
		8BAD008318EAEBA9008C9E57 /* L1Background1.png in Resources */ = {isa = PBXBuildFile; fileRef = 8BAD007A18EAEBA9008C9E57 /* L1Background1.png */; };
		8BAD008418EAEBA9008C9E57 /* L1Background.png in Resources */ = {isa = PBXBuildFile; fileRef = 8BAD007B18EAEBA9008C9E57 /* L1Background.png */; };
		8BEE135E18CF893B00A975BE /* Foundation.framework in Frameworks */ = {isa = PBXBuildFile; fileRef = 8BEE135D18CF893B00A975BE /* Foundation.framework */; };
		8BEE136018CF893B00A975BE /* CoreGraphics.framework in Frameworks */ = {isa = PBXBuildFile; fileRef = 8BEE135F18CF893B00A975BE /* CoreGraphics.framework */; };
		8BEE136218CF893B00A975BE /* UIKit.framework in Frameworks */ = {isa = PBXBuildFile; fileRef = 8BEE136118CF893B00A975BE /* UIKit.framework */; };
		8BEE136418CF893B00A975BE /* SpriteKit.framework in Frameworks */ = {isa = PBXBuildFile; fileRef = 8BEE136318CF893B00A975BE /* SpriteKit.framework */; };
		8BEE136A18CF893B00A975BE /* InfoPlist.strings in Resources */ = {isa = PBXBuildFile; fileRef = 8BEE136818CF893B00A975BE /* InfoPlist.strings */; };
		8BEE136C18CF893B00A975BE /* main.m in Sources */ = {isa = PBXBuildFile; fileRef = 8BEE136B18CF893B00A975BE /* main.m */; };
		8BEE137018CF893B00A975BE /* AppDelegate.m in Sources */ = {isa = PBXBuildFile; fileRef = 8BEE136F18CF893B00A975BE /* AppDelegate.m */; };
		8BEE137318CF893B00A975BE /* Main.storyboard in Resources */ = {isa = PBXBuildFile; fileRef = 8BEE137118CF893B00A975BE /* Main.storyboard */; };
		8BEE137618CF893B00A975BE /* ViewController.m in Sources */ = {isa = PBXBuildFile; fileRef = 8BEE137518CF893B00A975BE /* ViewController.m */; };
		8BEE137918CF893B00A975BE /* MyScene.m in Sources */ = {isa = PBXBuildFile; fileRef = 8BEE137818CF893B00A975BE /* MyScene.m */; };
		8BEE137B18CF893B00A975BE /* Spaceship.png in Resources */ = {isa = PBXBuildFile; fileRef = 8BEE137A18CF893B00A975BE /* Spaceship.png */; };
		8BEE137D18CF893B00A975BE /* Images.xcassets in Resources */ = {isa = PBXBuildFile; fileRef = 8BEE137C18CF893B00A975BE /* Images.xcassets */; };
		8BEE138418CF893B00A975BE /* XCTest.framework in Frameworks */ = {isa = PBXBuildFile; fileRef = 8BEE138318CF893B00A975BE /* XCTest.framework */; };
		8BEE138518CF893B00A975BE /* Foundation.framework in Frameworks */ = {isa = PBXBuildFile; fileRef = 8BEE135D18CF893B00A975BE /* Foundation.framework */; };
		8BEE138618CF893B00A975BE /* UIKit.framework in Frameworks */ = {isa = PBXBuildFile; fileRef = 8BEE136118CF893B00A975BE /* UIKit.framework */; };
		8BEE138E18CF893B00A975BE /* InfoPlist.strings in Resources */ = {isa = PBXBuildFile; fileRef = 8BEE138C18CF893B00A975BE /* InfoPlist.strings */; };
		8BEE139018CF893B00A975BE /* Patsie_and_PatrickTests.m in Sources */ = {isa = PBXBuildFile; fileRef = 8BEE138F18CF893B00A975BE /* Patsie_and_PatrickTests.m */; };
		95BB177618F3919B002DC954 /* sprites.atlas in Resources */ = {isa = PBXBuildFile; fileRef = 95BB177518F3919B002DC954 /* sprites.atlas */; };
/* End PBXBuildFile section */

/* Begin PBXContainerItemProxy section */
		8BEE138718CF893B00A975BE /* PBXContainerItemProxy */ = {
			isa = PBXContainerItemProxy;
			containerPortal = 8BEE135218CF893A00A975BE /* Project object */;
			proxyType = 1;
			remoteGlobalIDString = 8BEE135918CF893B00A975BE;
			remoteInfo = "Patsie and Patrick";
		};
/* End PBXContainerItemProxy section */

/* Begin PBXFileReference section */
		8BAD007518EADFDA008C9E57 /* SKSpriteNode+debug.h */ = {isa = PBXFileReference; fileEncoding = 4; lastKnownFileType = sourcecode.c.h; path = "SKSpriteNode+debug.h"; sourceTree = "<group>"; };
		8BAD007618EADFDA008C9E57 /* SKSpriteNode+debug.m */ = {isa = PBXFileReference; fileEncoding = 4; lastKnownFileType = sourcecode.c.objc; path = "SKSpriteNode+debug.m"; sourceTree = "<group>"; };
		8BAD007A18EAEBA9008C9E57 /* L1Background1.png */ = {isa = PBXFileReference; lastKnownFileType = image.png; path = L1Background1.png; sourceTree = "<group>"; };
		8BAD007B18EAEBA9008C9E57 /* L1Background.png */ = {isa = PBXFileReference; lastKnownFileType = image.png; path = L1Background.png; sourceTree = "<group>"; };
		8BEE135A18CF893B00A975BE /* Patsie and Patrick.app */ = {isa = PBXFileReference; explicitFileType = wrapper.application; includeInIndex = 0; path = "Patsie and Patrick.app"; sourceTree = BUILT_PRODUCTS_DIR; };
		8BEE135D18CF893B00A975BE /* Foundation.framework */ = {isa = PBXFileReference; lastKnownFileType = wrapper.framework; name = Foundation.framework; path = System/Library/Frameworks/Foundation.framework; sourceTree = SDKROOT; };
		8BEE135F18CF893B00A975BE /* CoreGraphics.framework */ = {isa = PBXFileReference; lastKnownFileType = wrapper.framework; name = CoreGraphics.framework; path = System/Library/Frameworks/CoreGraphics.framework; sourceTree = SDKROOT; };
		8BEE136118CF893B00A975BE /* UIKit.framework */ = {isa = PBXFileReference; lastKnownFileType = wrapper.framework; name = UIKit.framework; path = System/Library/Frameworks/UIKit.framework; sourceTree = SDKROOT; };
		8BEE136318CF893B00A975BE /* SpriteKit.framework */ = {isa = PBXFileReference; lastKnownFileType = wrapper.framework; name = SpriteKit.framework; path = System/Library/Frameworks/SpriteKit.framework; sourceTree = SDKROOT; };
		8BEE136718CF893B00A975BE /* Patsie and Patrick-Info.plist */ = {isa = PBXFileReference; lastKnownFileType = text.plist.xml; path = "Patsie and Patrick-Info.plist"; sourceTree = "<group>"; };
		8BEE136918CF893B00A975BE /* en */ = {isa = PBXFileReference; lastKnownFileType = text.plist.strings; name = en; path = en.lproj/InfoPlist.strings; sourceTree = "<group>"; };
		8BEE136B18CF893B00A975BE /* main.m */ = {isa = PBXFileReference; lastKnownFileType = sourcecode.c.objc; path = main.m; sourceTree = "<group>"; };
		8BEE136D18CF893B00A975BE /* Patsie and Patrick-Prefix.pch */ = {isa = PBXFileReference; lastKnownFileType = sourcecode.c.h; path = "Patsie and Patrick-Prefix.pch"; sourceTree = "<group>"; };
		8BEE136E18CF893B00A975BE /* AppDelegate.h */ = {isa = PBXFileReference; lastKnownFileType = sourcecode.c.h; path = AppDelegate.h; sourceTree = "<group>"; };
		8BEE136F18CF893B00A975BE /* AppDelegate.m */ = {isa = PBXFileReference; lastKnownFileType = sourcecode.c.objc; path = AppDelegate.m; sourceTree = "<group>"; };
		8BEE137218CF893B00A975BE /* Base */ = {isa = PBXFileReference; lastKnownFileType = file.storyboard; name = Base; path = Base.lproj/Main.storyboard; sourceTree = "<group>"; };
		8BEE137418CF893B00A975BE /* ViewController.h */ = {isa = PBXFileReference; lastKnownFileType = sourcecode.c.h; path = ViewController.h; sourceTree = "<group>"; };
		8BEE137518CF893B00A975BE /* ViewController.m */ = {isa = PBXFileReference; lastKnownFileType = sourcecode.c.objc; path = ViewController.m; sourceTree = "<group>"; };
		8BEE137718CF893B00A975BE /* MyScene.h */ = {isa = PBXFileReference; lastKnownFileType = sourcecode.c.h; path = MyScene.h; sourceTree = "<group>"; };
		8BEE137818CF893B00A975BE /* MyScene.m */ = {isa = PBXFileReference; lastKnownFileType = sourcecode.c.objc; path = MyScene.m; sourceTree = "<group>"; };
		8BEE137A18CF893B00A975BE /* Spaceship.png */ = {isa = PBXFileReference; lastKnownFileType = image.png; path = Spaceship.png; sourceTree = "<group>"; };
		8BEE137C18CF893B00A975BE /* Images.xcassets */ = {isa = PBXFileReference; lastKnownFileType = folder.assetcatalog; path = Images.xcassets; sourceTree = "<group>"; };
		8BEE138218CF893B00A975BE /* Patsie and PatrickTests.xctest */ = {isa = PBXFileReference; explicitFileType = wrapper.cfbundle; includeInIndex = 0; path = "Patsie and PatrickTests.xctest"; sourceTree = BUILT_PRODUCTS_DIR; };
		8BEE138318CF893B00A975BE /* XCTest.framework */ = {isa = PBXFileReference; lastKnownFileType = wrapper.framework; name = XCTest.framework; path = Library/Frameworks/XCTest.framework; sourceTree = DEVELOPER_DIR; };
		8BEE138B18CF893B00A975BE /* Patsie and PatrickTests-Info.plist */ = {isa = PBXFileReference; lastKnownFileType = text.plist.xml; path = "Patsie and PatrickTests-Info.plist"; sourceTree = "<group>"; };
		8BEE138D18CF893B00A975BE /* en */ = {isa = PBXFileReference; lastKnownFileType = text.plist.strings; name = en; path = en.lproj/InfoPlist.strings; sourceTree = "<group>"; };
		8BEE138F18CF893B00A975BE /* Patsie_and_PatrickTests.m */ = {isa = PBXFileReference; lastKnownFileType = sourcecode.c.objc; path = Patsie_and_PatrickTests.m; sourceTree = "<group>"; };
		95BB177518F3919B002DC954 /* sprites.atlas */ = {isa = PBXFileReference; lastKnownFileType = folder.skatlas; name = sprites.atlas; path = Backgrounds/sprites.atlas; sourceTree = "<group>"; };
/* End PBXFileReference section */

/* Begin PBXFrameworksBuildPhase section */
		8BEE135718CF893B00A975BE /* Frameworks */ = {
			isa = PBXFrameworksBuildPhase;
			buildActionMask = 2147483647;
			files = (
				8BEE136018CF893B00A975BE /* CoreGraphics.framework in Frameworks */,
				8BEE136218CF893B00A975BE /* UIKit.framework in Frameworks */,
				8BEE136418CF893B00A975BE /* SpriteKit.framework in Frameworks */,
				8BEE135E18CF893B00A975BE /* Foundation.framework in Frameworks */,
			);
			runOnlyForDeploymentPostprocessing = 0;
		};
		8BEE137F18CF893B00A975BE /* Frameworks */ = {
			isa = PBXFrameworksBuildPhase;
			buildActionMask = 2147483647;
			files = (
				8BEE138418CF893B00A975BE /* XCTest.framework in Frameworks */,
				8BEE138618CF893B00A975BE /* UIKit.framework in Frameworks */,
				8BEE138518CF893B00A975BE /* Foundation.framework in Frameworks */,
			);
			runOnlyForDeploymentPostprocessing = 0;
		};
/* End PBXFrameworksBuildPhase section */

/* Begin PBXGroup section */
		8BAD007818EAEBA9008C9E57 /* Patsie + Patrick Art */ = {
			isa = PBXGroup;
			children = (
				95BB177518F3919B002DC954 /* sprites.atlas */,
				8BAD007918EAEBA9008C9E57 /* Backgrounds */,
			);
			path = "Patsie + Patrick Art";
			sourceTree = "<group>";
		};
		8BAD007918EAEBA9008C9E57 /* Backgrounds */ = {
			isa = PBXGroup;
			children = (
				8BAD007A18EAEBA9008C9E57 /* L1Background1.png */,
				8BAD007B18EAEBA9008C9E57 /* L1Background.png */,
			);
			path = Backgrounds;
			sourceTree = "<group>";
		};
		8BEE135118CF893A00A975BE = {
			isa = PBXGroup;
			children = (
				8BEE136518CF893B00A975BE /* Patsie and Patrick */,
				8BEE138918CF893B00A975BE /* Patsie and PatrickTests */,
				8BEE135C18CF893B00A975BE /* Frameworks */,
				8BEE135B18CF893B00A975BE /* Products */,
				8BAD007818EAEBA9008C9E57 /* Patsie + Patrick Art */,
			);
			sourceTree = "<group>";
		};
		8BEE135B18CF893B00A975BE /* Products */ = {
			isa = PBXGroup;
			children = (
				8BEE135A18CF893B00A975BE /* Patsie and Patrick.app */,
				8BEE138218CF893B00A975BE /* Patsie and PatrickTests.xctest */,
			);
			name = Products;
			sourceTree = "<group>";
		};
		8BEE135C18CF893B00A975BE /* Frameworks */ = {
			isa = PBXGroup;
			children = (
				8BEE135D18CF893B00A975BE /* Foundation.framework */,
				8BEE135F18CF893B00A975BE /* CoreGraphics.framework */,
				8BEE136118CF893B00A975BE /* UIKit.framework */,
				8BEE136318CF893B00A975BE /* SpriteKit.framework */,
				8BEE138318CF893B00A975BE /* XCTest.framework */,
			);
			name = Frameworks;
			sourceTree = "<group>";
		};
		8BEE136518CF893B00A975BE /* Patsie and Patrick */ = {
			isa = PBXGroup;
			children = (
				95B401F818F87400001FA0A9 /* iPad */,
				8BAD007518EADFDA008C9E57 /* SKSpriteNode+debug.h */,
				8BAD007618EADFDA008C9E57 /* SKSpriteNode+debug.m */,
				8BEE136E18CF893B00A975BE /* AppDelegate.h */,
				8BEE136F18CF893B00A975BE /* AppDelegate.m */,
				8BEE137118CF893B00A975BE /* Main.storyboard */,
				8BEE137418CF893B00A975BE /* ViewController.h */,
				8BEE137518CF893B00A975BE /* ViewController.m */,
				8BEE137718CF893B00A975BE /* MyScene.h */,
				8BEE137818CF893B00A975BE /* MyScene.m */,
				8BEE137A18CF893B00A975BE /* Spaceship.png */,
				8BEE137C18CF893B00A975BE /* Images.xcassets */,
				8BEE136618CF893B00A975BE /* Supporting Files */,
			);
			path = "Patsie and Patrick";
			sourceTree = "<group>";
		};
		8BEE136618CF893B00A975BE /* Supporting Files */ = {
			isa = PBXGroup;
			children = (
				8BEE136718CF893B00A975BE /* Patsie and Patrick-Info.plist */,
				8BEE136818CF893B00A975BE /* InfoPlist.strings */,
				8BEE136B18CF893B00A975BE /* main.m */,
				8BEE136D18CF893B00A975BE /* Patsie and Patrick-Prefix.pch */,
			);
			name = "Supporting Files";
			sourceTree = "<group>";
		};
		8BEE138918CF893B00A975BE /* Patsie and PatrickTests */ = {
			isa = PBXGroup;
			children = (
				8BEE138F18CF893B00A975BE /* Patsie_and_PatrickTests.m */,
				8BEE138A18CF893B00A975BE /* Supporting Files */,
			);
			path = "Patsie and PatrickTests";
			sourceTree = "<group>";
		};
		8BEE138A18CF893B00A975BE /* Supporting Files */ = {
			isa = PBXGroup;
			children = (
				8BEE138B18CF893B00A975BE /* Patsie and PatrickTests-Info.plist */,
				8BEE138C18CF893B00A975BE /* InfoPlist.strings */,
			);
			name = "Supporting Files";
			sourceTree = "<group>";
		};
		95B401F818F87400001FA0A9 /* iPad */ = {
			isa = PBXGroup;
			children = (
			);
			name = iPad;
			sourceTree = "<group>";
		};
/* End PBXGroup section */

/* Begin PBXNativeTarget section */
		8BEE135918CF893B00A975BE /* Patsie and Patrick */ = {
			isa = PBXNativeTarget;
			buildConfigurationList = 8BEE139318CF893C00A975BE /* Build configuration list for PBXNativeTarget "Patsie and Patrick" */;
			buildPhases = (
				8BEE135618CF893B00A975BE /* Sources */,
				8BEE135718CF893B00A975BE /* Frameworks */,
				8BEE135818CF893B00A975BE /* Resources */,
			);
			buildRules = (
			);
			dependencies = (
			);
			name = "Patsie and Patrick";
			productName = "Patsie and Patrick";
			productReference = 8BEE135A18CF893B00A975BE /* Patsie and Patrick.app */;
			productType = "com.apple.product-type.application";
		};
		8BEE138118CF893B00A975BE /* Patsie and PatrickTests */ = {
			isa = PBXNativeTarget;
			buildConfigurationList = 8BEE139618CF893C00A975BE /* Build configuration list for PBXNativeTarget "Patsie and PatrickTests" */;
			buildPhases = (
				8BEE137E18CF893B00A975BE /* Sources */,
				8BEE137F18CF893B00A975BE /* Frameworks */,
				8BEE138018CF893B00A975BE /* Resources */,
			);
			buildRules = (
			);
			dependencies = (
				8BEE138818CF893B00A975BE /* PBXTargetDependency */,
			);
			name = "Patsie and PatrickTests";
			productName = "Patsie and PatrickTests";
			productReference = 8BEE138218CF893B00A975BE /* Patsie and PatrickTests.xctest */;
			productType = "com.apple.product-type.bundle.unit-test";
		};
/* End PBXNativeTarget section */

/* Begin PBXProject section */
		8BEE135218CF893A00A975BE /* Project object */ = {
			isa = PBXProject;
			attributes = {
				LastUpgradeCheck = 0500;
				ORGANIZATIONNAME = "Jasmine Wright";
				TargetAttributes = {
					8BEE135918CF893B00A975BE = {
						DevelopmentTeam = RHS54MNZHX;
					};
					8BEE138118CF893B00A975BE = {
						TestTargetID = 8BEE135918CF893B00A975BE;
					};
				};
			};
			buildConfigurationList = 8BEE135518CF893A00A975BE /* Build configuration list for PBXProject "Patsie and Patrick" */;
			compatibilityVersion = "Xcode 3.2";
			developmentRegion = English;
			hasScannedForEncodings = 0;
			knownRegions = (
				en,
				Base,
			);
			mainGroup = 8BEE135118CF893A00A975BE;
			productRefGroup = 8BEE135B18CF893B00A975BE /* Products */;
			projectDirPath = "";
			projectRoot = "";
			targets = (
				8BEE135918CF893B00A975BE /* Patsie and Patrick */,
				8BEE138118CF893B00A975BE /* Patsie and PatrickTests */,
			);
		};
/* End PBXProject section */

/* Begin PBXResourcesBuildPhase section */
		8BEE135818CF893B00A975BE /* Resources */ = {
			isa = PBXResourcesBuildPhase;
			buildActionMask = 2147483647;
			files = (
				95BB177618F3919B002DC954 /* sprites.atlas in Resources */,
				8BEE136A18CF893B00A975BE /* InfoPlist.strings in Resources */,
				8BEE137D18CF893B00A975BE /* Images.xcassets in Resources */,
				8BAD008318EAEBA9008C9E57 /* L1Background1.png in Resources */,
				8BEE137B18CF893B00A975BE /* Spaceship.png in Resources */,
				8BEE137318CF893B00A975BE /* Main.storyboard in Resources */,
				8BAD008418EAEBA9008C9E57 /* L1Background.png in Resources */,
			);
			runOnlyForDeploymentPostprocessing = 0;
		};
		8BEE138018CF893B00A975BE /* Resources */ = {
			isa = PBXResourcesBuildPhase;
			buildActionMask = 2147483647;
			files = (
				8BEE138E18CF893B00A975BE /* InfoPlist.strings in Resources */,
			);
			runOnlyForDeploymentPostprocessing = 0;
		};
/* End PBXResourcesBuildPhase section */

/* Begin PBXSourcesBuildPhase section */
		8BEE135618CF893B00A975BE /* Sources */ = {
			isa = PBXSourcesBuildPhase;
			buildActionMask = 2147483647;
			files = (
				8BEE137918CF893B00A975BE /* MyScene.m in Sources */,
				8BAD007718EADFDA008C9E57 /* SKSpriteNode+debug.m in Sources */,
				8BEE137618CF893B00A975BE /* ViewController.m in Sources */,
				8BEE137018CF893B00A975BE /* AppDelegate.m in Sources */,
				8BEE136C18CF893B00A975BE /* main.m in Sources */,
			);
			runOnlyForDeploymentPostprocessing = 0;
		};
		8BEE137E18CF893B00A975BE /* Sources */ = {
			isa = PBXSourcesBuildPhase;
			buildActionMask = 2147483647;
			files = (
				8BEE139018CF893B00A975BE /* Patsie_and_PatrickTests.m in Sources */,
			);
			runOnlyForDeploymentPostprocessing = 0;
		};
/* End PBXSourcesBuildPhase section */

/* Begin PBXTargetDependency section */
		8BEE138818CF893B00A975BE /* PBXTargetDependency */ = {
			isa = PBXTargetDependency;
			target = 8BEE135918CF893B00A975BE /* Patsie and Patrick */;
			targetProxy = 8BEE138718CF893B00A975BE /* PBXContainerItemProxy */;
		};
/* End PBXTargetDependency section */

/* Begin PBXVariantGroup section */
		8BEE136818CF893B00A975BE /* InfoPlist.strings */ = {
			isa = PBXVariantGroup;
			children = (
				8BEE136918CF893B00A975BE /* en */,
			);
			name = InfoPlist.strings;
			sourceTree = "<group>";
		};
		8BEE137118CF893B00A975BE /* Main.storyboard */ = {
			isa = PBXVariantGroup;
			children = (
				8BEE137218CF893B00A975BE /* Base */,
			);
			name = Main.storyboard;
			sourceTree = "<group>";
		};
		8BEE138C18CF893B00A975BE /* InfoPlist.strings */ = {
			isa = PBXVariantGroup;
			children = (
				8BEE138D18CF893B00A975BE /* en */,
			);
			name = InfoPlist.strings;
			sourceTree = "<group>";
		};
/* End PBXVariantGroup section */

/* Begin XCBuildConfiguration section */
		8BEE139118CF893C00A975BE /* Debug */ = {
			isa = XCBuildConfiguration;
			buildSettings = {
				ALWAYS_SEARCH_USER_PATHS = NO;
				ARCHS = "$(ARCHS_STANDARD_INCLUDING_64_BIT)";
				CLANG_CXX_LANGUAGE_STANDARD = "gnu++0x";
				CLANG_CXX_LIBRARY = "libc++";
				CLANG_ENABLE_MODULES = YES;
				CLANG_ENABLE_OBJC_ARC = YES;
				CLANG_WARN_BOOL_CONVERSION = YES;
				CLANG_WARN_CONSTANT_CONVERSION = YES;
				CLANG_WARN_DIRECT_OBJC_ISA_USAGE = YES_ERROR;
				CLANG_WARN_EMPTY_BODY = YES;
				CLANG_WARN_ENUM_CONVERSION = YES;
				CLANG_WARN_INT_CONVERSION = YES;
				CLANG_WARN_OBJC_ROOT_CLASS = YES_ERROR;
				CLANG_WARN__DUPLICATE_METHOD_MATCH = YES;
				"CODE_SIGN_IDENTITY[sdk=iphoneos*]" = "iPhone Developer";
				COPY_PHASE_STRIP = NO;
				GCC_C_LANGUAGE_STANDARD = gnu99;
				GCC_DYNAMIC_NO_PIC = NO;
				GCC_OPTIMIZATION_LEVEL = 0;
				GCC_PREPROCESSOR_DEFINITIONS = (
					"DEBUG=1",
					"$(inherited)",
				);
				GCC_SYMBOLS_PRIVATE_EXTERN = NO;
				GCC_WARN_64_TO_32_BIT_CONVERSION = YES;
				GCC_WARN_ABOUT_RETURN_TYPE = YES_ERROR;
				GCC_WARN_UNDECLARED_SELECTOR = YES;
				GCC_WARN_UNINITIALIZED_AUTOS = YES;
				GCC_WARN_UNUSED_FUNCTION = YES;
				GCC_WARN_UNUSED_VARIABLE = YES;
				IPHONEOS_DEPLOYMENT_TARGET = 7.0;
				ONLY_ACTIVE_ARCH = YES;
				SDKROOT = iphoneos;
			};
			name = Debug;
		};
		8BEE139218CF893C00A975BE /* Release */ = {
			isa = XCBuildConfiguration;
			buildSettings = {
				ALWAYS_SEARCH_USER_PATHS = NO;
				ARCHS = "$(ARCHS_STANDARD_INCLUDING_64_BIT)";
				CLANG_CXX_LANGUAGE_STANDARD = "gnu++0x";
				CLANG_CXX_LIBRARY = "libc++";
				CLANG_ENABLE_MODULES = YES;
				CLANG_ENABLE_OBJC_ARC = YES;
				CLANG_WARN_BOOL_CONVERSION = YES;
				CLANG_WARN_CONSTANT_CONVERSION = YES;
				CLANG_WARN_DIRECT_OBJC_ISA_USAGE = YES_ERROR;
				CLANG_WARN_EMPTY_BODY = YES;
				CLANG_WARN_ENUM_CONVERSION = YES;
				CLANG_WARN_INT_CONVERSION = YES;
				CLANG_WARN_OBJC_ROOT_CLASS = YES_ERROR;
				CLANG_WARN__DUPLICATE_METHOD_MATCH = YES;
				"CODE_SIGN_IDENTITY[sdk=iphoneos*]" = "iPhone Developer";
				COPY_PHASE_STRIP = YES;
				ENABLE_NS_ASSERTIONS = NO;
				GCC_C_LANGUAGE_STANDARD = gnu99;
				GCC_WARN_64_TO_32_BIT_CONVERSION = YES;
				GCC_WARN_ABOUT_RETURN_TYPE = YES_ERROR;
				GCC_WARN_UNDECLARED_SELECTOR = YES;
				GCC_WARN_UNINITIALIZED_AUTOS = YES;
				GCC_WARN_UNUSED_FUNCTION = YES;
				GCC_WARN_UNUSED_VARIABLE = YES;
				IPHONEOS_DEPLOYMENT_TARGET = 7.0;
				SDKROOT = iphoneos;
				VALIDATE_PRODUCT = YES;
			};
			name = Release;
		};
		8BEE139418CF893C00A975BE /* Debug */ = {
			isa = XCBuildConfiguration;
			buildSettings = {
				ASSETCATALOG_COMPILER_APPICON_NAME = AppIcon;
				ASSETCATALOG_COMPILER_LAUNCHIMAGE_NAME = LaunchImage;
				CODE_SIGN_IDENTITY = "iPhone Developer";
				"CODE_SIGN_IDENTITY[sdk=iphoneos*]" = "iPhone Developer";
				GCC_PRECOMPILE_PREFIX_HEADER = YES;
				GCC_PREFIX_HEADER = "Patsie and Patrick/Patsie and Patrick-Prefix.pch";
				INFOPLIST_FILE = "Patsie and Patrick/Patsie and Patrick-Info.plist";
				IPHONEOS_DEPLOYMENT_TARGET = 7.0;
				PRODUCT_NAME = "$(TARGET_NAME)";
				PROVISIONING_PROFILE = "";
				SPRITEKIT_TEXTURE_ATLAS_OUTPUT = YES;
				TARGETED_DEVICE_FAMILY = 1;
				WRAPPER_EXTENSION = app;
			};
			name = Debug;
		};
		8BEE139518CF893C00A975BE /* Release */ = {
			isa = XCBuildConfiguration;
			buildSettings = {
				ASSETCATALOG_COMPILER_APPICON_NAME = AppIcon;
				ASSETCATALOG_COMPILER_LAUNCHIMAGE_NAME = LaunchImage;
				CODE_SIGN_IDENTITY = "iPhone Developer";
				"CODE_SIGN_IDENTITY[sdk=iphoneos*]" = "iPhone Developer";
				GCC_PRECOMPILE_PREFIX_HEADER = YES;
				GCC_PREFIX_HEADER = "Patsie and Patrick/Patsie and Patrick-Prefix.pch";
				INFOPLIST_FILE = "Patsie and Patrick/Patsie and Patrick-Info.plist";
				IPHONEOS_DEPLOYMENT_TARGET = 7.0;
				PRODUCT_NAME = "$(TARGET_NAME)";
				PROVISIONING_PROFILE = "";
				SPRITEKIT_TEXTURE_ATLAS_OUTPUT = YES;
				TARGETED_DEVICE_FAMILY = 1;
				WRAPPER_EXTENSION = app;
			};
			name = Release;
		};
		8BEE139718CF893C00A975BE /* Debug */ = {
			isa = XCBuildConfiguration;
			buildSettings = {
				ARCHS = "$(ARCHS_STANDARD_INCLUDING_64_BIT)";
				BUNDLE_LOADER = "$(BUILT_PRODUCTS_DIR)/Patsie and Patrick.app/Patsie and Patrick";
				FRAMEWORK_SEARCH_PATHS = (
					"$(SDKROOT)/Developer/Library/Frameworks",
					"$(inherited)",
					"$(DEVELOPER_FRAMEWORKS_DIR)",
				);
				GCC_PRECOMPILE_PREFIX_HEADER = YES;
				GCC_PREFIX_HEADER = "Patsie and Patrick/Patsie and Patrick-Prefix.pch";
				GCC_PREPROCESSOR_DEFINITIONS = (
					"DEBUG=1",
					"$(inherited)",
				);
				INFOPLIST_FILE = "Patsie and PatrickTests/Patsie and PatrickTests-Info.plist";
				PRODUCT_NAME = "$(TARGET_NAME)";
				TEST_HOST = "$(BUNDLE_LOADER)";
				WRAPPER_EXTENSION = xctest;
			};
			name = Debug;
		};
		8BEE139818CF893C00A975BE /* Release */ = {
			isa = XCBuildConfiguration;
			buildSettings = {
				ARCHS = "$(ARCHS_STANDARD_INCLUDING_64_BIT)";
				BUNDLE_LOADER = "$(BUILT_PRODUCTS_DIR)/Patsie and Patrick.app/Patsie and Patrick";
				FRAMEWORK_SEARCH_PATHS = (
					"$(SDKROOT)/Developer/Library/Frameworks",
					"$(inherited)",
					"$(DEVELOPER_FRAMEWORKS_DIR)",
				);
				GCC_PRECOMPILE_PREFIX_HEADER = YES;
				GCC_PREFIX_HEADER = "Patsie and Patrick/Patsie and Patrick-Prefix.pch";
				INFOPLIST_FILE = "Patsie and PatrickTests/Patsie and PatrickTests-Info.plist";
				PRODUCT_NAME = "$(TARGET_NAME)";
				TEST_HOST = "$(BUNDLE_LOADER)";
				WRAPPER_EXTENSION = xctest;
			};
			name = Release;
		};
/* End XCBuildConfiguration section */

/* Begin XCConfigurationList section */
		8BEE135518CF893A00A975BE /* Build configuration list for PBXProject "Patsie and Patrick" */ = {
			isa = XCConfigurationList;
			buildConfigurations = (
				8BEE139118CF893C00A975BE /* Debug */,
				8BEE139218CF893C00A975BE /* Release */,
			);
			defaultConfigurationIsVisible = 0;
			defaultConfigurationName = Release;
		};
		8BEE139318CF893C00A975BE /* Build configuration list for PBXNativeTarget "Patsie and Patrick" */ = {
			isa = XCConfigurationList;
			buildConfigurations = (
				8BEE139418CF893C00A975BE /* Debug */,
				8BEE139518CF893C00A975BE /* Release */,
			);
			defaultConfigurationIsVisible = 0;
			defaultConfigurationName = Release;
		};
		8BEE139618CF893C00A975BE /* Build configuration list for PBXNativeTarget "Patsie and PatrickTests" */ = {
			isa = XCConfigurationList;
			buildConfigurations = (
				8BEE139718CF893C00A975BE /* Debug */,
				8BEE139818CF893C00A975BE /* Release */,
			);
			defaultConfigurationIsVisible = 0;
			defaultConfigurationName = Release;
		};
/* End XCConfigurationList section */
	};
	rootObject = 8BEE135218CF893A00A975BE /* Project object */;
}
